# This file is autogenerated, do not edit; changes may be undone by the next 'dep ensure'.


[[projects]]
  name = "github.com/boltdb/bolt"
  packages = ["."]
  revision = "2f1ce7a837dcb8da3ec595b1dac9d0632f0f99e8"
  version = "v1.3.1"

[[projects]]
  branch = "master"
  name = "golang.org/x/sys"
  packages = ["unix"]
  revision = "a1a1f1746d156bbc9954f29134b20ed4ce2752f1"

[solve-meta]
  analyzer-name = "dep"
  analyzer-version = 1
  inputs-digest = "4f5881f9f69a1fcea6057892992e3399c565f4b9c75193acdbabc31a9ce53d2e"
  solver-name = "gps-cdcl"
  solver-version = 1
